<?xml version="1.0" encoding="utf-8"?>
<Project ToolsVersion="4.0" xmlns="http://schemas.microsoft.com/developer/msbuild/2003">
  <ItemGroup>
    <Filter Include="Source Files">
      <UniqueIdentifier>{4FC737F1-C7A5-4376-A066-2A32D752A2FF}</UniqueIdentifier>
      <Extensions>cpp;c;cc;cxx;c++;def;odl;idl;hpj;bat;asm;asmx</Extensions>
    </Filter>
    <Filter Include="Header Files">
      <UniqueIdentifier>{93995380-89BD-4b04-88EB-625FBE52EBFB}</UniqueIdentifier>
      <Extensions>h;hh;hpp;hxx;h++;hm;inl;inc;ipp;xsd</Extensions>
    </Filter>
    <Filter Include="Resource Files">
      <UniqueIdentifier>{67DA6AB6-F800-4c08-8B7A-83BB121AAD01}</UniqueIdentifier>
      <Extensions>rc;ico;cur;bmp;dlg;rc2;rct;bin;rgs;gif;jpg;jpeg;jpe;resx;tiff;tif;png;wav;mfcribbon-ms</Extensions>
    </Filter>
    <Filter Include="Header Files\States">
      <UniqueIdentifier>{054c7ed8-5879-4fd8-8500-1dc5eff59211}</UniqueIdentifier>
    </Filter>
    <Filter Include="Header Files\GameObjects">
      <UniqueIdentifier>{bfd5c153-2e7c-4e0b-bfe4-9d49bd07e3ac}</UniqueIdentifier>
    </Filter>
    <Filter Include="Header Files\GameObjects\BaseObjects">
      <UniqueIdentifier>{51f6e825-ddb9-4ab5-94ce-7a17644cdeb4}</UniqueIdentifier>
    </Filter>
    <Filter Include="Header Files\States\StateMachine">
      <UniqueIdentifier>{f571b1e3-afcc-48ea-93bb-974210e2b186}</UniqueIdentifier>
    </Filter>
    <Filter Include="Resource Files\TinyXML">
      <UniqueIdentifier>{0bc297b9-9cb6-4cd2-8272-e0c055f87c87}</UniqueIdentifier>
    </Filter>
    <Filter Include="Resource Files\Base64">
      <UniqueIdentifier>{51b6b002-aff4-4da2-96d0-34bdbf2d2470}</UniqueIdentifier>
    </Filter>
    <Filter Include="Header Files\Layers">
      <UniqueIdentifier>{6568fe89-fc93-47c3-bd43-032121e9b34d}</UniqueIdentifier>
    </Filter>
    <Filter Include="Header Files\GameObjects\EnemyObjs">
      <UniqueIdentifier>{56244cd0-5391-427c-9572-ea192657028e}</UniqueIdentifier>
    </Filter>
    <Filter Include="Header Files\GameObjects\EnemyObjs\EnemyBaseObj">
      <UniqueIdentifier>{80e6c333-9e1f-4215-9461-f9f78a29c571}</UniqueIdentifier>
    </Filter>
    <Filter Include="Header Files\GameObjects\GraphicObjs">
      <UniqueIdentifier>{235e198f-4000-4dc8-9e5b-b6b466cad31c}</UniqueIdentifier>
    </Filter>
    <Filter Include="Header Files\GameObjects\EnemyObjs\Gliders">
      <UniqueIdentifier>{6d876d5e-a4ff-4b32-8119-d3a5f1421143}</UniqueIdentifier>
    </Filter>
    <Filter Include="Header Files\GameObjects\EnemyObjs\Turrets">
      <UniqueIdentifier>{cdaf28b4-bfd6-4dc8-a2e0-afe23b542a64}</UniqueIdentifier>
    </Filter>
    <Filter Include="Source Files\GameCPPs">
      <UniqueIdentifier>{cf278ad9-6b49-4ce3-b7d3-670a1f7c7c9c}</UniqueIdentifier>
    </Filter>
    <Filter Include="Source Files\GameCPPs\Objects">
      <UniqueIdentifier>{f0b058b6-7f76-4339-a9ef-da9a4179ca44}</UniqueIdentifier>
    </Filter>
    <Filter Include="Header Files\Parsers">
      <UniqueIdentifier>{af6a4c20-15b4-405f-ac6a-8f4248c715e8}</UniqueIdentifier>
    </Filter>
    <Filter Include="Header Files\Handlers">
      <UniqueIdentifier>{8891240c-27bd-4b5e-b882-848ef217de97}</UniqueIdentifier>
    </Filter>
    <Filter Include="Header Files\Managers">
      <UniqueIdentifier>{ac4a9287-fa91-4344-81cd-33251784cc83}</UniqueIdentifier>
    </Filter>
    <Filter Include="Header Files\Factory">
      <UniqueIdentifier>{05be20ed-4550-4906-a218-5c50d4ae269a}</UniqueIdentifier>
    </Filter>
    <Filter Include="Source Files\GameObjs">
      <UniqueIdentifier>{fc4c82e8-dcef-4356-8bb7-59f1eceb36e9}</UniqueIdentifier>
    </Filter>
    <Filter Include="Source Files\Handlers &amp; Managers">
      <UniqueIdentifier>{ec759d74-2656-4577-bdea-409638f434e0}</UniqueIdentifier>
    </Filter>
    <Filter Include="Source Files\States">
      <UniqueIdentifier>{2d924f17-bf8f-4b94-ba5f-a84f1262b824}</UniqueIdentifier>
    </Filter>
    <Filter Include="Source Files\Parsers">
      <UniqueIdentifier>{84bc41c2-b904-49ba-bd9b-df8ffa2ccf31}</UniqueIdentifier>
    </Filter>
  </ItemGroup>
  <ItemGroup>
    <ClCompile Include="tinyxmlparser.cpp">
      <Filter>Resource Files\TinyXML</Filter>
    </ClCompile>
    <ClCompile Include="tinyxml.cpp">
      <Filter>Resource Files\TinyXML</Filter>
    </ClCompile>
    <ClCompile Include="tinyxmlerror.cpp">
      <Filter>Resource Files\TinyXML</Filter>
    </ClCompile>
    <ClCompile Include="tinystr.cpp">
      <Filter>Resource Files\TinyXML</Filter>
    </ClCompile>
    <ClCompile Include="base64.cpp">
      <Filter>Resource Files\Base64</Filter>
    </ClCompile>
    <ClCompile Include="main.cpp">
      <Filter>Source Files</Filter>
    </ClCompile>
    <ClCompile Include="AnimatedGraphic.cpp">
      <Filter>Source Files\GameCPPs\Objects</Filter>
    </ClCompile>
    <ClCompile Include="GameObjectFactory.cpp">
      <Filter>Source Files\GameCPPs\Objects</Filter>
    </ClCompile>
    <ClCompile Include="Level.cpp">
      <Filter>Source Files\GameCPPs\Objects</Filter>
    </ClCompile>
    <ClCompile Include="MenuButton.cpp">
      <Filter>Source Files\GameCPPs\Objects</Filter>
    </ClCompile>
    <ClCompile Include="ObjectLayer.cpp">
      <Filter>Source Files\GameCPPs\Objects</Filter>
    </ClCompile>
    <ClCompile Include="RoofTurret.cpp">
      <Filter>Source Files\GameCPPs\Objects</Filter>
    </ClCompile>
    <ClCompile Include="ScrollingBackground.cpp">
      <Filter>Source Files\GameCPPs\Objects</Filter>
    </ClCompile>
    <ClCompile Include="ShooterObject.cpp">
      <Filter>Source Files\GameCPPs\Objects</Filter>
    </ClCompile>
    <ClCompile Include="TileLayer.cpp">
      <Filter>Source Files\GameCPPs\Objects</Filter>
    </ClCompile>
    <ClCompile Include="GameOverState.cpp">
      <Filter>Source Files\States</Filter>
    </ClCompile>
    <ClCompile Include="GameStateMachine.cpp">
      <Filter>Source Files\States</Filter>
    </ClCompile>
    <ClCompile Include="PlayState.cpp">
      <Filter>Source Files\States</Filter>
    </ClCompile>
    <ClCompile Include="MainMenuState.cpp">
      <Filter>Source Files\States</Filter>
    </ClCompile>
    <ClCompile Include="PauseState.cpp">
      <Filter>Source Files\States</Filter>
    </ClCompile>
    <ClCompile Include="BulletHandler.cpp">
      <Filter>Source Files\Handlers &amp; Managers</Filter>
    </ClCompile>
    <ClCompile Include="CollisionManager.cpp">
      <Filter>Source Files\Handlers &amp; Managers</Filter>
    </ClCompile>
    <ClCompile Include="InputHandler.cpp">
      <Filter>Source Files\Handlers &amp; Managers</Filter>
    </ClCompile>
    <ClCompile Include="SoundManager.cpp">
      <Filter>Source Files\Handlers &amp; Managers</Filter>
    </ClCompile>
    <ClCompile Include="TextureManager.cpp">
      <Filter>Source Files\Handlers &amp; Managers</Filter>
    </ClCompile>
    <ClCompile Include="Bullet.cpp">
      <Filter>Source Files\GameObjs</Filter>
    </ClCompile>
    <ClCompile Include="Eskeletor.cpp">
      <Filter>Source Files\GameObjs</Filter>
    </ClCompile>
    <ClCompile Include="Glider.cpp">
      <Filter>Source Files\GameObjs</Filter>
    </ClCompile>
    <ClCompile Include="Player.cpp">
      <Filter>Source Files\GameObjs</Filter>
    </ClCompile>
    <ClCompile Include="ShotGlider.cpp">
      <Filter>Source Files\GameObjs</Filter>
    </ClCompile>
    <ClCompile Include="Turret.cpp">
      <Filter>Source Files\GameObjs</Filter>
    </ClCompile>
    <ClCompile Include="Level1Boss.cpp">
      <Filter>Source Files\GameObjs</Filter>
    </ClCompile>
    <ClCompile Include="SDLSystem.cpp">
      <Filter>Source Files</Filter>
    </ClCompile>
    <ClCompile Include="StateParser.cpp">
      <Filter>Source Files\Parsers</Filter>
    </ClCompile>
    <ClCompile Include="LevelParser.cpp">
      <Filter>Source Files\Parsers</Filter>
    </ClCompile>
    <ClCompile Include="SystemParser.cpp">
      <Filter>Source Files\Parsers</Filter>
    </ClCompile>
    <ClCompile Include="Game.cpp">
      <Filter>Source Files</Filter>
    </ClCompile>
  </ItemGroup>
  <ItemGroup>
    <ClInclude Include="Game.h">
      <Filter>Header Files</Filter>
    </ClInclude>
    <ClInclude Include="Vector2D.h">
      <Filter>Header Files</Filter>
    </ClInclude>
    <ClInclude Include="Level.h">
      <Filter>Header Files</Filter>
    </ClInclude>
    <ClInclude Include="MenuState.h">
      <Filter>Header Files\States</Filter>
    </ClInclude>
    <ClInclude Include="PlayState.h">
      <Filter>Header Files\States</Filter>
    </ClInclude>
    <ClInclude Include="GameState.h">
      <Filter>Header Files\States</Filter>
    </ClInclude>
    <ClInclude Include="PauseState.h">
      <Filter>Header Files\States</Filter>
    </ClInclude>
    <ClInclude Include="MenuButton.h">
      <Filter>Header Files\GameObjects</Filter>
    </ClInclude>
    <ClInclude Include="Player.h">
      <Filter>Header Files\GameObjects</Filter>
    </ClInclude>
    <ClInclude Include="GameObjectFactory.h">
      <Filter>Header Files\Factory</Filter>
    </ClInclude>
    <ClInclude Include="BaseCreator.h">
      <Filter>Header Files\Factory</Filter>
    </ClInclude>
    <ClInclude Include="GameObject.h">
      <Filter>Header Files\GameObjects\BaseObjects</Filter>
    </ClInclude>
    <ClInclude Include="GameOverState.h">
      <Filter>Header Files\States</Filter>
    </ClInclude>
    <ClInclude Include="GameStateMachine.h">
      <Filter>Header Files\States\StateMachine</Filter>
    </ClInclude>
    <ClInclude Include="MainMenuState.h">
      <Filter>Header Files\States</Filter>
    </ClInclude>
    <ClInclude Include="LevelParser.h">
      <Filter>Header Files\Parsers</Filter>
    </ClInclude>
    <ClInclude Include="StateParser.h">
      <Filter>Header Files\Parsers</Filter>
    </ClInclude>
    <ClInclude Include="tinystr.h">
      <Filter>Resource Files\TinyXML</Filter>
    </ClInclude>
    <ClInclude Include="tinyxml.h">
      <Filter>Resource Files\TinyXML</Filter>
    </ClInclude>
    <ClInclude Include="base64.h">
      <Filter>Resource Files\Base64</Filter>
    </ClInclude>
    <ClInclude Include="Layer.h">
      <Filter>Header Files\Layers</Filter>
    </ClInclude>
    <ClInclude Include="TileLayer.h">
      <Filter>Header Files\Layers</Filter>
    </ClInclude>
    <ClInclude Include="ShooterObject.h">
      <Filter>Header Files\GameObjects\BaseObjects</Filter>
    </ClInclude>
    <ClInclude Include="SoundManager.h">
      <Filter>Header Files\Managers</Filter>
    </ClInclude>
    <ClInclude Include="TextureManager.h">
      <Filter>Header Files\Managers</Filter>
    </ClInclude>
    <ClInclude Include="ObjectLayer.h">
      <Filter>Header Files\Layers</Filter>
    </ClInclude>
    <ClInclude Include="Enemy.h">
      <Filter>Header Files\GameObjects\EnemyObjs\EnemyBaseObj</Filter>
    </ClInclude>
    <ClInclude Include="Eskeletor.h">
      <Filter>Header Files\GameObjects\EnemyObjs</Filter>
    </ClInclude>
    <ClInclude Include="Glider.h">
      <Filter>Header Files\GameObjects\EnemyObjs\Gliders</Filter>
    </ClInclude>
    <ClInclude Include="ShotGlider.h">
      <Filter>Header Files\GameObjects\EnemyObjs\Gliders</Filter>
    </ClInclude>
    <ClInclude Include="AnimatedGraphic.h">
      <Filter>Header Files\GameObjects\GraphicObjs</Filter>
    </ClInclude>
    <ClInclude Include="ScrollingBackground.h">
      <Filter>Header Files\GameObjects\GraphicObjs</Filter>
    </ClInclude>
    <ClInclude Include="RoofTurret.h">
      <Filter>Header Files\GameObjects\EnemyObjs\Turrets</Filter>
    </ClInclude>
    <ClInclude Include="Turret.h">
      <Filter>Header Files\GameObjects\EnemyObjs\Turrets</Filter>
    </ClInclude>
    <ClInclude Include="Bullet.h">
      <Filter>Header Files\GameObjects</Filter>
    </ClInclude>
    <ClInclude Include="Collision.h">
      <Filter>Header Files</Filter>
    </ClInclude>
    <ClInclude Include="CollisionManager.h">
      <Filter>Header Files\Managers</Filter>
    </ClInclude>
    <ClInclude Include="Callback.h">
      <Filter>Header Files</Filter>
    </ClInclude>
    <ClInclude Include="Level1Boss.h">
      <Filter>Header Files\GameObjects\EnemyObjs</Filter>
    </ClInclude>
    <ClInclude Include="LoaderParams.h">
      <Filter>Header Files</Filter>
    </ClInclude>
    <ClInclude Include="BulletHandler.h">
      <Filter>Header Files\Handlers</Filter>
    </ClInclude>
    <ClInclude Include="InputHandler.h">
      <Filter>Header Files\Handlers</Filter>
    </ClInclude>
    <ClInclude Include="Singleton.h">
      <Filter>Header Files</Filter>
    </ClInclude>
    <ClInclude Include="SDLSystem.h">
      <Filter>Header Files</Filter>
    </ClInclude>
    <ClInclude Include="SystemParser.h">
      <Filter>Header Files\Parsers</Filter>
    </ClInclude>
  </ItemGroup>
  <ItemGroup>
    <Xml Include="config.xml">
      <Filter>Resource Files</Filter>
    </Xml>
    <Xml Include="assets\states.xml">
      <Filter>Resource Files</Filter>
    </Xml>
  </ItemGroup>
  <ItemGroup>
    <None Include="assets\map1.tmx">
      <Filter>Resource Files</Filter>
    </None>
  </ItemGroup>
  <ItemGroup>
    <Text Include="assets\TODO_.txt">
      <Filter>Resource Files</Filter>
    </Text>
  </ItemGroup>
</Project>